
Microsoft Visual Studio Solution File, Format Version 12.00
# Visual Studio 15
Project("{FAE04EC0-301F-11D3-BF4B-00C04F79EFBC}") = "HelloWorld.Android", "HelloWorld.Android\HelloWorld.Android.csproj", "{A6CC31D0-FA41-4FEC-BD4B-54B4CF7801A3}"
EndProject
Project("{FAE04EC0-301F-11D3-BF4B-00C04F79EFBC}") = "HelloWorld.iOS", "HelloWorld.iOS\HelloWorld.iOS.csproj", "{753C12DD-0FA4-4A75-83BD-78679BDE9EDA}"
EndProject
Project("{FAE04EC0-301F-11D3-BF4B-00C04F79EFBC}") = "HelloWorld", "HelloWorld\HelloWorld.csproj", "{E2C30E4E-A240-4869-86A3-B427E6089A84}"
EndProject
Global
	GlobalSection(SolutionConfigurationPlatforms) = preSolution
		Debug|Any CPU = Debug|Any CPU
		Release|Any CPU = Release|Any CPU
		Debug|iPhoneSimulator = Debug|iPhoneSimulator
		Release|iPhoneSimulator = Release|iPhoneSimulator
		Debug|iPhone = Debug|iPhone
		Release|iPhone = Release|iPhone
	EndGlobalSection
	GlobalSection(ProjectConfigurationPlatforms) = postSolution
		{A6CC31D0-FA41-4FEC-BD4B-54B4CF7801A3}.Debug|Any CPU.ActiveCfg = Debug|Any CPU
		{A6CC31D0-FA41-4FEC-BD4B-54B4CF7801A3}.Debug|Any CPU.Build.0 = Debug|Any CPU
		{A6CC31D0-FA41-4FEC-BD4B-54B4CF7801A3}.Release|Any CPU.ActiveCfg = Release|Any CPU
		{A6CC31D0-FA41-4FEC-BD4B-54B4CF7801A3}.Release|Any CPU.Build.0 = Release|Any CPU
		{A6CC31D0-FA41-4FEC-BD4B-54B4CF7801A3}.Debug|iPhoneSimulator.ActiveCfg = Debug|Any CPU
		{A6CC31D0-FA41-4FEC-BD4B-54B4CF7801A3}.Debug|iPhoneSimulator.Build.0 = Debug|Any CPU
		{A6CC31D0-FA41-4FEC-BD4B-54B4CF7801A3}.Release|iPhoneSimulator.ActiveCfg = Release|Any CPU
		{A6CC31D0-FA41-4FEC-BD4B-54B4CF7801A3}.Release|iPhoneSimulator.Build.0 = Release|Any CPU
		{A6CC31D0-FA41-4FEC-BD4B-54B4CF7801A3}.Debug|iPhone.ActiveCfg = Debug|Any CPU
		{A6CC31D0-FA41-4FEC-BD4B-54B4CF7801A3}.Debug|iPhone.Build.0 = Debug|Any CPU
		{A6CC31D0-FA41-4FEC-BD4B-54B4CF7801A3}.Release|iPhone.ActiveCfg = Release|Any CPU
		{A6CC31D0-FA41-4FEC-BD4B-54B4CF7801A3}.Release|iPhone.Build.0 = Release|Any CPU
		{753C12DD-0FA4-4A75-83BD-78679BDE9EDA}.Debug|Any CPU.ActiveCfg = Debug|iPhoneSimulator
		{753C12DD-0FA4-4A75-83BD-78679BDE9EDA}.Debug|Any CPU.Build.0 = Debug|iPhoneSimulator
		{753C12DD-0FA4-4A75-83BD-78679BDE9EDA}.Release|Any CPU.ActiveCfg = Release|iPhoneSimulator
		{753C12DD-0FA4-4A75-83BD-78679BDE9EDA}.Release|Any CPU.Build.0 = Release|iPhoneSimulator
		{753C12DD-0FA4-4A75-83BD-78679BDE9EDA}.Debug|iPhoneSimulator.ActiveCfg = Debug|iPhoneSimulator
		{753C12DD-0FA4-4A75-83BD-78679BDE9EDA}.Debug|iPhoneSimulator.Build.0 = Debug|iPhoneSimulator
		{753C12DD-0FA4-4A75-83BD-78679BDE9EDA}.Release|iPhoneSimulator.ActiveCfg = Release|iPhoneSimulator
		{753C12DD-0FA4-4A75-83BD-78679BDE9EDA}.Release|iPhoneSimulator.Build.0 = Release|iPhoneSimulator
		{753C12DD-0FA4-4A75-83BD-78679BDE9EDA}.Debug|iPhone.ActiveCfg = Debug|iPhone
		{753C12DD-0FA4-4A75-83BD-78679BDE9EDA}.Debug|iPhone.Build.0 = Debug|iPhone
		{753C12DD-0FA4-4A75-83BD-78679BDE9EDA}.Release|iPhone.ActiveCfg = Release|iPhone
		{753C12DD-0FA4-4A75-83BD-78679BDE9EDA}.Release|iPhone.Build.0 = Release|iPhone
		{E2C30E4E-A240-4869-86A3-B427E6089A84}.Debug|Any CPU.ActiveCfg = Debug|Any CPU
		{E2C30E4E-A240-4869-86A3-B427E6089A84}.Debug|Any CPU.Build.0 = Debug|Any CPU
		{E2C30E4E-A240-4869-86A3-B427E6089A84}.Release|Any CPU.ActiveCfg = Release|Any CPU
		{E2C30E4E-A240-4869-86A3-B427E6089A84}.Release|Any CPU.Build.0 = Release|Any CPU
		{E2C30E4E-A240-4869-86A3-B427E6089A84}.Debug|iPhoneSimulator.ActiveCfg = Debug|Any CPU
		{E2C30E4E-A240-4869-86A3-B427E6089A84}.Debug|iPhoneSimulator.Build.0 = Debug|Any CPU
		{E2C30E4E-A240-4869-86A3-B427E6089A84}.Release|iPhoneSimulator.ActiveCfg = Release|Any CPU
		{E2C30E4E-A240-4869-86A3-B427E6089A84}.Release|iPhoneSimulator.Build.0 = Release|Any CPU
		{E2C30E4E-A240-4869-86A3-B427E6089A84}.Debug|iPhone.ActiveCfg = Debug|Any CPU
		{E2C30E4E-A240-4869-86A3-B427E6089A84}.Debug|iPhone.Build.0 = Debug|Any CPU
		{E2C30E4E-A240-4869-86A3-B427E6089A84}.Release|iPhone.ActiveCfg = Release|Any CPU
		{E2C30E4E-A240-4869-86A3-B427E6089A84}.Release|iPhone.Build.0 = Release|Any CPU
	EndGlobalSection
EndGlobal
